
Microsoft Visual Studio Solution File, Format Version 12.00
# Visual Studio Version 16
VisualStudioVersion = 16.0.33423.256
MinimumVisualStudioVersion = 10.0.40219.1
Project("{FAE04EC0-301F-11D3-BF4B-00C04F79EFBC}") = "PortoApi", "PortoApi\PortoApi.csproj", "{05A53A71-494C-4304-860C-DC35739E1384}"
EndProject
Global
	GlobalSection(SolutionConfigurationPlatforms) = preSolution
		Debug|Any CPU = Debug|Any CPU
		Release|Any CPU = Release|Any CPU
	EndGlobalSection
	GlobalSection(ProjectConfigurationPlatforms) = postSolution
		{05A53A71-494C-4304-860C-DC35739E1384}.Debug|Any CPU.ActiveCfg = Debug|Any CPU
		{05A53A71-494C-4304-860C-DC35739E1384}.Debug|Any CPU.Build.0 = Debug|Any CPU
		{05A53A71-494C-4304-860C-DC35739E1384}.Release|Any CPU.ActiveCfg = Release|Any CPU
		{05A53A71-494C-4304-860C-DC35739E1384}.Release|Any CPU.Build.0 = Release|Any CPU
	EndGlobalSection
	GlobalSection(SolutionProperties) = preSolution
		HideSolutionNode = FALSE
	EndGlobalSection
	GlobalSection(ExtensibilityGlobals) = postSolution
		SolutionGuid = {2AA4F157-CE5D-4A3F-B9F6-36A6F2776944}
	EndGlobalSection
EndGlobal
